
Microsoft Visual Studio Solution File, Format Version 12.00
# Visual Studio Version 17
VisualStudioVersion = 17.3.32825.248
MinimumVisualStudioVersion = 10.0.40219.1
Project("{FAE04EC0-301F-11D3-BF4B-00C04F79EFBC}") = "Repaso.Android", "Repaso.Android\Repaso.Android.csproj", "{39B5798E-4AD0-4441-A025-594485127D9F}"
EndProject
Project("{FAE04EC0-301F-11D3-BF4B-00C04F79EFBC}") = "Repaso.iOS", "Repaso.iOS\Repaso.iOS.csproj", "{48FDE052-64F6-4818-AACB-7F333986A5EF}"
EndProject
Project("{FAE04EC0-301F-11D3-BF4B-00C04F79EFBC}") = "Repaso", "Repaso\Repaso.csproj", "{1B7B2FA6-2698-4D52-B4B1-EAB43A22E7C2}"
EndProject
Global
	GlobalSection(SolutionConfigurationPlatforms) = preSolution
		Debug|Any CPU = Debug|Any CPU
		Debug|iPhone = Debug|iPhone
		Debug|iPhoneSimulator = Debug|iPhoneSimulator
		Release|Any CPU = Release|Any CPU
		Release|iPhone = Release|iPhone
		Release|iPhoneSimulator = Release|iPhoneSimulator
	EndGlobalSection
	GlobalSection(ProjectConfigurationPlatforms) = postSolution
		{39B5798E-4AD0-4441-A025-594485127D9F}.Debug|Any CPU.ActiveCfg = Debug|Any CPU
		{39B5798E-4AD0-4441-A025-594485127D9F}.Debug|Any CPU.Build.0 = Debug|Any CPU
		{39B5798E-4AD0-4441-A025-594485127D9F}.Debug|Any CPU.Deploy.0 = Debug|Any CPU
		{39B5798E-4AD0-4441-A025-594485127D9F}.Debug|iPhone.ActiveCfg = Debug|Any CPU
		{39B5798E-4AD0-4441-A025-594485127D9F}.Debug|iPhone.Build.0 = Debug|Any CPU
		{39B5798E-4AD0-4441-A025-594485127D9F}.Debug|iPhone.Deploy.0 = Debug|Any CPU
		{39B5798E-4AD0-4441-A025-594485127D9F}.Debug|iPhoneSimulator.ActiveCfg = Debug|Any CPU
		{39B5798E-4AD0-4441-A025-594485127D9F}.Debug|iPhoneSimulator.Build.0 = Debug|Any CPU
		{39B5798E-4AD0-4441-A025-594485127D9F}.Debug|iPhoneSimulator.Deploy.0 = Debug|Any CPU
		{39B5798E-4AD0-4441-A025-594485127D9F}.Release|Any CPU.ActiveCfg = Release|Any CPU
		{39B5798E-4AD0-4441-A025-594485127D9F}.Release|Any CPU.Build.0 = Release|Any CPU
		{39B5798E-4AD0-4441-A025-594485127D9F}.Release|Any CPU.Deploy.0 = Release|Any CPU
		{39B5798E-4AD0-4441-A025-594485127D9F}.Release|iPhone.ActiveCfg = Release|Any CPU
		{39B5798E-4AD0-4441-A025-594485127D9F}.Release|iPhone.Build.0 = Release|Any CPU
		{39B5798E-4AD0-4441-A025-594485127D9F}.Release|iPhone.Deploy.0 = Release|Any CPU
		{39B5798E-4AD0-4441-A025-594485127D9F}.Release|iPhoneSimulator.ActiveCfg = Release|Any CPU
		{39B5798E-4AD0-4441-A025-594485127D9F}.Release|iPhoneSimulator.Build.0 = Release|Any CPU
		{39B5798E-4AD0-4441-A025-594485127D9F}.Release|iPhoneSimulator.Deploy.0 = Release|Any CPU
		{48FDE052-64F6-4818-AACB-7F333986A5EF}.Debug|Any CPU.ActiveCfg = Debug|iPhone
		{48FDE052-64F6-4818-AACB-7F333986A5EF}.Debug|Any CPU.Build.0 = Debug|iPhone
		{48FDE052-64F6-4818-AACB-7F333986A5EF}.Debug|Any CPU.Deploy.0 = Debug|iPhone
		{48FDE052-64F6-4818-AACB-7F333986A5EF}.Debug|iPhone.ActiveCfg = Debug|iPhone
		{48FDE052-64F6-4818-AACB-7F333986A5EF}.Debug|iPhone.Build.0 = Debug|iPhone
		{48FDE052-64F6-4818-AACB-7F333986A5EF}.Debug|iPhone.Deploy.0 = Debug|iPhone
		{48FDE052-64F6-4818-AACB-7F333986A5EF}.Debug|iPhoneSimulator.ActiveCfg = Debug|iPhoneSimulator
		{48FDE052-64F6-4818-AACB-7F333986A5EF}.Debug|iPhoneSimulator.Build.0 = Debug|iPhoneSimulator
		{48FDE052-64F6-4818-AACB-7F333986A5EF}.Debug|iPhoneSimulator.Deploy.0 = Debug|iPhoneSimulator
		{48FDE052-64F6-4818-AACB-7F333986A5EF}.Release|Any CPU.ActiveCfg = Release|iPhoneSimulator
		{48FDE052-64F6-4818-AACB-7F333986A5EF}.Release|Any CPU.Build.0 = Release|iPhoneSimulator
		{48FDE052-64F6-4818-AACB-7F333986A5EF}.Release|Any CPU.Deploy.0 = Release|iPhoneSimulator
		{48FDE052-64F6-4818-AACB-7F333986A5EF}.Release|iPhone.ActiveCfg = Release|iPhone
		{48FDE052-64F6-4818-AACB-7F333986A5EF}.Release|iPhone.Build.0 = Release|iPhone
		{48FDE052-64F6-4818-AACB-7F333986A5EF}.Release|iPhone.Deploy.0 = Release|iPhone
		{48FDE052-64F6-4818-AACB-7F333986A5EF}.Release|iPhoneSimulator.ActiveCfg = Release|iPhoneSimulator
		{48FDE052-64F6-4818-AACB-7F333986A5EF}.Release|iPhoneSimulator.Build.0 = Release|iPhoneSimulator
		{48FDE052-64F6-4818-AACB-7F333986A5EF}.Release|iPhoneSimulator.Deploy.0 = Release|iPhoneSimulator
		{1B7B2FA6-2698-4D52-B4B1-EAB43A22E7C2}.Debug|Any CPU.ActiveCfg = Debug|Any CPU
		{1B7B2FA6-2698-4D52-B4B1-EAB43A22E7C2}.Debug|Any CPU.Build.0 = Debug|Any CPU
		{1B7B2FA6-2698-4D52-B4B1-EAB43A22E7C2}.Debug|Any CPU.Deploy.0 = Debug|Any CPU
		{1B7B2FA6-2698-4D52-B4B1-EAB43A22E7C2}.Debug|iPhone.ActiveCfg = Debug|Any CPU
		{1B7B2FA6-2698-4D52-B4B1-EAB43A22E7C2}.Debug|iPhone.Build.0 = Debug|Any CPU
		{1B7B2FA6-2698-4D52-B4B1-EAB43A22E7C2}.Debug|iPhone.Deploy.0 = Debug|Any CPU
		{1B7B2FA6-2698-4D52-B4B1-EAB43A22E7C2}.Debug|iPhoneSimulator.ActiveCfg = Debug|Any CPU
		{1B7B2FA6-2698-4D52-B4B1-EAB43A22E7C2}.Debug|iPhoneSimulator.Build.0 = Debug|Any CPU
		{1B7B2FA6-2698-4D52-B4B1-EAB43A22E7C2}.Debug|iPhoneSimulator.Deploy.0 = Debug|Any CPU
		{1B7B2FA6-2698-4D52-B4B1-EAB43A22E7C2}.Release|Any CPU.ActiveCfg = Release|Any CPU
		{1B7B2FA6-2698-4D52-B4B1-EAB43A22E7C2}.Release|Any CPU.Build.0 = Release|Any CPU
		{1B7B2FA6-2698-4D52-B4B1-EAB43A22E7C2}.Release|Any CPU.Deploy.0 = Release|Any CPU
		{1B7B2FA6-2698-4D52-B4B1-EAB43A22E7C2}.Release|iPhone.ActiveCfg = Release|Any CPU
		{1B7B2FA6-2698-4D52-B4B1-EAB43A22E7C2}.Release|iPhone.Build.0 = Release|Any CPU
		{1B7B2FA6-2698-4D52-B4B1-EAB43A22E7C2}.Release|iPhone.Deploy.0 = Release|Any CPU
		{1B7B2FA6-2698-4D52-B4B1-EAB43A22E7C2}.Release|iPhoneSimulator.ActiveCfg = Release|Any CPU
		{1B7B2FA6-2698-4D52-B4B1-EAB43A22E7C2}.Release|iPhoneSimulator.Build.0 = Release|Any CPU
		{1B7B2FA6-2698-4D52-B4B1-EAB43A22E7C2}.Release|iPhoneSimulator.Deploy.0 = Release|Any CPU
	EndGlobalSection
	GlobalSection(SolutionProperties) = preSolution
		HideSolutionNode = FALSE
	EndGlobalSection
	GlobalSection(ExtensibilityGlobals) = postSolution
		SolutionGuid = {862C64FD-EEAA-421D-BABD-9DE8B7045B33}
	EndGlobalSection
EndGlobal
